
Microsoft Visual Studio Solution File, Format Version 12.00
# Visual Studio 15
VisualStudioVersion = 15.0.27703.2035
MinimumVisualStudioVersion = 10.0.40219.1
Project("{2150E333-8FDC-42A3-9474-1A3956D46DE8}") = "SmartSystem.WebUI", "SmartSystem.WebUI", "{A6B56C5F-B2FB-4EED-B31D-D25FAC2E622A}"
EndProject
Project("{2150E333-8FDC-42A3-9474-1A3956D46DE8}") = "公共项目", "公共项目", "{8DF3B38C-9833-4AFB-A1DD-27A1C2323DFC}"
EndProject
Project("{2150E333-8FDC-42A3-9474-1A3956D46DE8}") = "SmartSystem.WeiXin", "SmartSystem.WeiXin", "{FAADF759-F54D-44A7-8ACE-D62C766C236E}"
EndProject
Project("{2150E333-8FDC-42A3-9474-1A3956D46DE8}") = "SmartSystem.Interface", "SmartSystem.Interface", "{1E78A67C-83D6-44D1-9EAD-4F4C8BE20F42}"
EndProject
Project("{FAE04EC0-301F-11D3-BF4B-00C04F79EFBC}") = "SmartSystem.OmnipotentCardWebUI", "SmartSystem.OmnipotentCardWebUI\SmartSystem.OmnipotentCardWebUI.csproj", "{5D1002EA-5423-42DD-9CDC-27C4FD6991E2}"
EndProject
Project("{FAE04EC0-301F-11D3-BF4B-00C04F79EFBC}") = "Common.Core", "Common.Core\Common.Core.csproj", "{EF989F15-C062-4C7D-8B69-8ACE8540C07B}"
EndProject
Project("{FAE04EC0-301F-11D3-BF4B-00C04F79EFBC}") = "Common.DataAccess", "Common.DataAccess\Common.DataAccess.csproj", "{18F0CE73-B168-4D53-BCED-FD6C4E0D4378}"
EndProject
Project("{FAE04EC0-301F-11D3-BF4B-00C04F79EFBC}") = "Common.Entities", "Common.Entities\Common.Entities.csproj", "{2A5BF93F-E241-48AE-905E-712A3152EF8C}"
EndProject
Project("{FAE04EC0-301F-11D3-BF4B-00C04F79EFBC}") = "Common.ExternalInterface", "Common.ExternalInteractions\Common.ExternalInterface.csproj", "{85FD2DEA-CC79-4062-B77A-60B7050EF0C1}"
EndProject
Project("{FAE04EC0-301F-11D3-BF4B-00C04F79EFBC}") = "Common.Factory", "Common.Factory\Common.Factory.csproj", "{EBB52FFF-BF2A-480D-AB2C-3AFA97B2E272}"
EndProject
Project("{FAE04EC0-301F-11D3-BF4B-00C04F79EFBC}") = "Common.IRepository", "Common.IRepository\Common.IRepository.csproj", "{695C985E-9F3E-42FF-B20D-74E79585F320}"
EndProject
Project("{FAE04EC0-301F-11D3-BF4B-00C04F79EFBC}") = "Common.SqlRepository", "Common.Repository\Common.SqlRepository.csproj", "{5DB8CA74-EB69-451D-8BE9-FDF03329C8B5}"
EndProject
Project("{FAE04EC0-301F-11D3-BF4B-00C04F79EFBC}") = "Common.Services", "Common.Services\Common.Services.csproj", "{68404EB2-1832-477A-BB7B-1E1857844E52}"
EndProject
Project("{FAE04EC0-301F-11D3-BF4B-00C04F79EFBC}") = "Common.Utilities", "Common.Utilities\Common.Utilities.csproj", "{660F9B65-6AD0-4984-914C-4459C41CA966}"
EndProject
Project("{FAE04EC0-301F-11D3-BF4B-00C04F79EFBC}") = "PKFee", "PKFee\PKFee.csproj", "{114346C8-5BF4-41B3-A1B7-CE0A0200F196}"
EndProject
Project("{FAE04EC0-301F-11D3-BF4B-00C04F79EFBC}") = "SmartSystem.WeiXinBase", "SmartSystem.WeiXinBase\SmartSystem.WeiXinBase.csproj", "{B3C03406-D705-4B42-8DFB-95B90CFE0E74}"
EndProject
Project("{FAE04EC0-301F-11D3-BF4B-00C04F79EFBC}") = "SmartSystem.WeiXinServices", "SmartSystem.WeiXinServices\SmartSystem.WeiXinServices.csproj", "{4F0BA735-965A-4AD9-B52A-01951A0C3C0A}"
EndProject
Project("{FAE04EC0-301F-11D3-BF4B-00C04F79EFBC}") = "SmartSystem.WeiXinInerface", "SmartSystem.WeiXinInerface\SmartSystem.WeiXinInerface.csproj", "{4713EA16-E3C3-484C-B77F-CF68A1CACE2F}"
EndProject
Project("{FAE04EC0-301F-11D3-BF4B-00C04F79EFBC}") = "SmartSystem.WeiXinInteraction", "SmartSystem.WeiXinInteraction\SmartSystem.WeiXinInteraction.csproj", "{0EDE7F76-6B12-46F9-BABF-CB32A04747FE}"
EndProject
Project("{FAE04EC0-301F-11D3-BF4B-00C04F79EFBC}") = "Common.CarInOutValidation", "Common.CarInOutValidation\Common.CarInOutValidation.csproj", "{90A1A41A-6A64-4B10-9274-36E376F4B8B9}"
EndProject
Project("{FAE04EC0-301F-11D3-BF4B-00C04F79EFBC}") = "YinSheng.Pay", "YinSheng.Pay\YinSheng.Pay.csproj", "{DC82B06A-BB95-48A0-8C90-2CCB0BB4D64E}"
EndProject
Project("{FAE04EC0-301F-11D3-BF4B-00C04F79EFBC}") = "SmartSystem.AliPayServices", "SmartSystem.AliPayServices\SmartSystem.AliPayServices.csproj", "{FFC9D783-E772-4C41-ADA7-AB865996F196}"
EndProject
Project("{FAE04EC0-301F-11D3-BF4B-00C04F79EFBC}") = "SmartSystem.Interface.Entities", "SmartSystem.Interface.Entities\SmartSystem.Interface.Entities.csproj", "{304503B2-F1E9-49AB-AD92-DD432C1C22D7}"
EndProject
Project("{FAE04EC0-301F-11D3-BF4B-00C04F79EFBC}") = "SmartSystem.Interface.Services", "SmartSystem.Interface.Services\SmartSystem.Interface.Services.csproj", "{4AB46E76-B1C4-4187-B846-184F62558702}"
EndProject
Project("{FAE04EC0-301F-11D3-BF4B-00C04F79EFBC}") = "ClassLibrary1", "ClassLibrary1\ClassLibrary1.csproj", "{C09509A2-7D6D-4C67-BB83-7B3E526430F9}"
EndProject
Project("{2150E333-8FDC-42A3-9474-1A3956D46DE8}") = "Solution Items", "Solution Items", "{753F4B1E-4D76-4BE8-BC14-8183D96F020A}"
	ProjectSection(SolutionItems) = preProject
		.gitignore = .gitignore
	EndProjectSection
EndProject
Global
	GlobalSection(SolutionConfigurationPlatforms) = preSolution
		Debug|Any CPU = Debug|Any CPU
		Debug|x86 = Debug|x86
		Release|Any CPU = Release|Any CPU
		Release|x86 = Release|x86
	EndGlobalSection
	GlobalSection(ProjectConfigurationPlatforms) = postSolution
		{5D1002EA-5423-42DD-9CDC-27C4FD6991E2}.Debug|Any CPU.ActiveCfg = Debug|Any CPU
		{5D1002EA-5423-42DD-9CDC-27C4FD6991E2}.Debug|Any CPU.Build.0 = Debug|Any CPU
		{5D1002EA-5423-42DD-9CDC-27C4FD6991E2}.Debug|x86.ActiveCfg = Debug|Any CPU
		{5D1002EA-5423-42DD-9CDC-27C4FD6991E2}.Release|Any CPU.ActiveCfg = Release|Any CPU
		{5D1002EA-5423-42DD-9CDC-27C4FD6991E2}.Release|Any CPU.Build.0 = Release|Any CPU
		{5D1002EA-5423-42DD-9CDC-27C4FD6991E2}.Release|x86.ActiveCfg = Release|Any CPU
		{EF989F15-C062-4C7D-8B69-8ACE8540C07B}.Debug|Any CPU.ActiveCfg = Debug|Any CPU
		{EF989F15-C062-4C7D-8B69-8ACE8540C07B}.Debug|Any CPU.Build.0 = Debug|Any CPU
		{EF989F15-C062-4C7D-8B69-8ACE8540C07B}.Debug|x86.ActiveCfg = Debug|x86
		{EF989F15-C062-4C7D-8B69-8ACE8540C07B}.Debug|x86.Build.0 = Debug|x86
		{EF989F15-C062-4C7D-8B69-8ACE8540C07B}.Release|Any CPU.ActiveCfg = Release|Any CPU
		{EF989F15-C062-4C7D-8B69-8ACE8540C07B}.Release|Any CPU.Build.0 = Release|Any CPU
		{EF989F15-C062-4C7D-8B69-8ACE8540C07B}.Release|x86.ActiveCfg = Release|x86
		{EF989F15-C062-4C7D-8B69-8ACE8540C07B}.Release|x86.Build.0 = Release|x86
		{18F0CE73-B168-4D53-BCED-FD6C4E0D4378}.Debug|Any CPU.ActiveCfg = Debug|Any CPU
		{18F0CE73-B168-4D53-BCED-FD6C4E0D4378}.Debug|Any CPU.Build.0 = Debug|Any CPU
		{18F0CE73-B168-4D53-BCED-FD6C4E0D4378}.Debug|x86.ActiveCfg = Debug|x86
		{18F0CE73-B168-4D53-BCED-FD6C4E0D4378}.Debug|x86.Build.0 = Debug|x86
		{18F0CE73-B168-4D53-BCED-FD6C4E0D4378}.Release|Any CPU.ActiveCfg = Release|Any CPU
		{18F0CE73-B168-4D53-BCED-FD6C4E0D4378}.Release|Any CPU.Build.0 = Release|Any CPU
		{18F0CE73-B168-4D53-BCED-FD6C4E0D4378}.Release|x86.ActiveCfg = Release|x86
		{18F0CE73-B168-4D53-BCED-FD6C4E0D4378}.Release|x86.Build.0 = Release|x86
		{2A5BF93F-E241-48AE-905E-712A3152EF8C}.Debug|Any CPU.ActiveCfg = Debug|Any CPU
		{2A5BF93F-E241-48AE-905E-712A3152EF8C}.Debug|Any CPU.Build.0 = Debug|Any CPU
		{2A5BF93F-E241-48AE-905E-712A3152EF8C}.Debug|x86.ActiveCfg = Debug|x86
		{2A5BF93F-E241-48AE-905E-712A3152EF8C}.Debug|x86.Build.0 = Debug|x86
		{2A5BF93F-E241-48AE-905E-712A3152EF8C}.Release|Any CPU.ActiveCfg = Release|Any CPU
		{2A5BF93F-E241-48AE-905E-712A3152EF8C}.Release|Any CPU.Build.0 = Release|Any CPU
		{2A5BF93F-E241-48AE-905E-712A3152EF8C}.Release|x86.ActiveCfg = Release|x86
		{2A5BF93F-E241-48AE-905E-712A3152EF8C}.Release|x86.Build.0 = Release|x86
		{85FD2DEA-CC79-4062-B77A-60B7050EF0C1}.Debug|Any CPU.ActiveCfg = Debug|Any CPU
		{85FD2DEA-CC79-4062-B77A-60B7050EF0C1}.Debug|Any CPU.Build.0 = Debug|Any CPU
		{85FD2DEA-CC79-4062-B77A-60B7050EF0C1}.Debug|x86.ActiveCfg = Debug|x86
		{85FD2DEA-CC79-4062-B77A-60B7050EF0C1}.Debug|x86.Build.0 = Debug|x86
		{85FD2DEA-CC79-4062-B77A-60B7050EF0C1}.Release|Any CPU.ActiveCfg = Release|Any CPU
		{85FD2DEA-CC79-4062-B77A-60B7050EF0C1}.Release|Any CPU.Build.0 = Release|Any CPU
		{85FD2DEA-CC79-4062-B77A-60B7050EF0C1}.Release|x86.ActiveCfg = Release|x86
		{85FD2DEA-CC79-4062-B77A-60B7050EF0C1}.Release|x86.Build.0 = Release|x86
		{EBB52FFF-BF2A-480D-AB2C-3AFA97B2E272}.Debug|Any CPU.ActiveCfg = Debug|Any CPU
		{EBB52FFF-BF2A-480D-AB2C-3AFA97B2E272}.Debug|Any CPU.Build.0 = Debug|Any CPU
		{EBB52FFF-BF2A-480D-AB2C-3AFA97B2E272}.Debug|x86.ActiveCfg = Debug|x86
		{EBB52FFF-BF2A-480D-AB2C-3AFA97B2E272}.Debug|x86.Build.0 = Debug|x86
		{EBB52FFF-BF2A-480D-AB2C-3AFA97B2E272}.Release|Any CPU.ActiveCfg = Release|Any CPU
		{EBB52FFF-BF2A-480D-AB2C-3AFA97B2E272}.Release|Any CPU.Build.0 = Release|Any CPU
		{EBB52FFF-BF2A-480D-AB2C-3AFA97B2E272}.Release|x86.ActiveCfg = Release|x86
		{EBB52FFF-BF2A-480D-AB2C-3AFA97B2E272}.Release|x86.Build.0 = Release|x86
		{695C985E-9F3E-42FF-B20D-74E79585F320}.Debug|Any CPU.ActiveCfg = Debug|Any CPU
		{695C985E-9F3E-42FF-B20D-74E79585F320}.Debug|Any CPU.Build.0 = Debug|Any CPU
		{695C985E-9F3E-42FF-B20D-74E79585F320}.Debug|x86.ActiveCfg = Debug|x86
		{695C985E-9F3E-42FF-B20D-74E79585F320}.Debug|x86.Build.0 = Debug|x86
		{695C985E-9F3E-42FF-B20D-74E79585F320}.Release|Any CPU.ActiveCfg = Release|Any CPU
		{695C985E-9F3E-42FF-B20D-74E79585F320}.Release|Any CPU.Build.0 = Release|Any CPU
		{695C985E-9F3E-42FF-B20D-74E79585F320}.Release|x86.ActiveCfg = Release|x86
		{695C985E-9F3E-42FF-B20D-74E79585F320}.Release|x86.Build.0 = Release|x86
		{5DB8CA74-EB69-451D-8BE9-FDF03329C8B5}.Debug|Any CPU.ActiveCfg = Debug|Any CPU
		{5DB8CA74-EB69-451D-8BE9-FDF03329C8B5}.Debug|Any CPU.Build.0 = Debug|Any CPU
		{5DB8CA74-EB69-451D-8BE9-FDF03329C8B5}.Debug|x86.ActiveCfg = Debug|Any CPU
		{5DB8CA74-EB69-451D-8BE9-FDF03329C8B5}.Release|Any CPU.ActiveCfg = Release|Any CPU
		{5DB8CA74-EB69-451D-8BE9-FDF03329C8B5}.Release|Any CPU.Build.0 = Release|Any CPU
		{5DB8CA74-EB69-451D-8BE9-FDF03329C8B5}.Release|x86.ActiveCfg = Release|Any CPU
		{68404EB2-1832-477A-BB7B-1E1857844E52}.Debug|Any CPU.ActiveCfg = Debug|Any CPU
		{68404EB2-1832-477A-BB7B-1E1857844E52}.Debug|Any CPU.Build.0 = Debug|Any CPU
		{68404EB2-1832-477A-BB7B-1E1857844E52}.Debug|x86.ActiveCfg = Debug|x86
		{68404EB2-1832-477A-BB7B-1E1857844E52}.Debug|x86.Build.0 = Debug|x86
		{68404EB2-1832-477A-BB7B-1E1857844E52}.Release|Any CPU.ActiveCfg = Release|Any CPU
		{68404EB2-1832-477A-BB7B-1E1857844E52}.Release|Any CPU.Build.0 = Release|Any CPU
		{68404EB2-1832-477A-BB7B-1E1857844E52}.Release|x86.ActiveCfg = Release|x86
		{68404EB2-1832-477A-BB7B-1E1857844E52}.Release|x86.Build.0 = Release|x86
		{660F9B65-6AD0-4984-914C-4459C41CA966}.Debug|Any CPU.ActiveCfg = Debug|Any CPU
		{660F9B65-6AD0-4984-914C-4459C41CA966}.Debug|Any CPU.Build.0 = Debug|Any CPU
		{660F9B65-6AD0-4984-914C-4459C41CA966}.Debug|x86.ActiveCfg = Debug|x86
		{660F9B65-6AD0-4984-914C-4459C41CA966}.Debug|x86.Build.0 = Debug|x86
		{660F9B65-6AD0-4984-914C-4459C41CA966}.Release|Any CPU.ActiveCfg = Release|Any CPU
		{660F9B65-6AD0-4984-914C-4459C41CA966}.Release|Any CPU.Build.0 = Release|Any CPU
		{660F9B65-6AD0-4984-914C-4459C41CA966}.Release|x86.ActiveCfg = Release|x86
		{660F9B65-6AD0-4984-914C-4459C41CA966}.Release|x86.Build.0 = Release|x86
		{114346C8-5BF4-41B3-A1B7-CE0A0200F196}.Debug|Any CPU.ActiveCfg = Debug|Any CPU
		{114346C8-5BF4-41B3-A1B7-CE0A0200F196}.Debug|Any CPU.Build.0 = Debug|Any CPU
		{114346C8-5BF4-41B3-A1B7-CE0A0200F196}.Debug|x86.ActiveCfg = Debug|x86
		{114346C8-5BF4-41B3-A1B7-CE0A0200F196}.Debug|x86.Build.0 = Debug|x86
		{114346C8-5BF4-41B3-A1B7-CE0A0200F196}.Release|Any CPU.ActiveCfg = Release|Any CPU
		{114346C8-5BF4-41B3-A1B7-CE0A0200F196}.Release|Any CPU.Build.0 = Release|Any CPU
		{114346C8-5BF4-41B3-A1B7-CE0A0200F196}.Release|x86.ActiveCfg = Release|x86
		{114346C8-5BF4-41B3-A1B7-CE0A0200F196}.Release|x86.Build.0 = Release|x86
		{B3C03406-D705-4B42-8DFB-95B90CFE0E74}.Debug|Any CPU.ActiveCfg = Debug|Any CPU
		{B3C03406-D705-4B42-8DFB-95B90CFE0E74}.Debug|Any CPU.Build.0 = Debug|Any CPU
		{B3C03406-D705-4B42-8DFB-95B90CFE0E74}.Debug|x86.ActiveCfg = Debug|Any CPU
		{B3C03406-D705-4B42-8DFB-95B90CFE0E74}.Release|Any CPU.ActiveCfg = Release|Any CPU
		{B3C03406-D705-4B42-8DFB-95B90CFE0E74}.Release|Any CPU.Build.0 = Release|Any CPU
		{B3C03406-D705-4B42-8DFB-95B90CFE0E74}.Release|x86.ActiveCfg = Release|Any CPU
		{4F0BA735-965A-4AD9-B52A-01951A0C3C0A}.Debug|Any CPU.ActiveCfg = Debug|Any CPU
		{4F0BA735-965A-4AD9-B52A-01951A0C3C0A}.Debug|Any CPU.Build.0 = Debug|Any CPU
		{4F0BA735-965A-4AD9-B52A-01951A0C3C0A}.Debug|x86.ActiveCfg = Debug|Any CPU
		{4F0BA735-965A-4AD9-B52A-01951A0C3C0A}.Release|Any CPU.ActiveCfg = Release|Any CPU
		{4F0BA735-965A-4AD9-B52A-01951A0C3C0A}.Release|Any CPU.Build.0 = Release|Any CPU
		{4F0BA735-965A-4AD9-B52A-01951A0C3C0A}.Release|x86.ActiveCfg = Release|Any CPU
		{4713EA16-E3C3-484C-B77F-CF68A1CACE2F}.Debug|Any CPU.ActiveCfg = Debug|Any CPU
		{4713EA16-E3C3-484C-B77F-CF68A1CACE2F}.Debug|Any CPU.Build.0 = Debug|Any CPU
		{4713EA16-E3C3-484C-B77F-CF68A1CACE2F}.Debug|x86.ActiveCfg = Debug|Any CPU
		{4713EA16-E3C3-484C-B77F-CF68A1CACE2F}.Release|Any CPU.ActiveCfg = Release|Any CPU
		{4713EA16-E3C3-484C-B77F-CF68A1CACE2F}.Release|Any CPU.Build.0 = Release|Any CPU
		{4713EA16-E3C3-484C-B77F-CF68A1CACE2F}.Release|x86.ActiveCfg = Release|Any CPU
		{0EDE7F76-6B12-46F9-BABF-CB32A04747FE}.Debug|Any CPU.ActiveCfg = Debug|Any CPU
		{0EDE7F76-6B12-46F9-BABF-CB32A04747FE}.Debug|Any CPU.Build.0 = Debug|Any CPU
		{0EDE7F76-6B12-46F9-BABF-CB32A04747FE}.Debug|x86.ActiveCfg = Debug|Any CPU
		{0EDE7F76-6B12-46F9-BABF-CB32A04747FE}.Release|Any CPU.ActiveCfg = Release|Any CPU
		{0EDE7F76-6B12-46F9-BABF-CB32A04747FE}.Release|Any CPU.Build.0 = Release|Any CPU
		{0EDE7F76-6B12-46F9-BABF-CB32A04747FE}.Release|x86.ActiveCfg = Release|Any CPU
		{90A1A41A-6A64-4B10-9274-36E376F4B8B9}.Debug|Any CPU.ActiveCfg = Debug|Any CPU
		{90A1A41A-6A64-4B10-9274-36E376F4B8B9}.Debug|Any CPU.Build.0 = Debug|Any CPU
		{90A1A41A-6A64-4B10-9274-36E376F4B8B9}.Debug|x86.ActiveCfg = Debug|x86
		{90A1A41A-6A64-4B10-9274-36E376F4B8B9}.Debug|x86.Build.0 = Debug|x86
		{90A1A41A-6A64-4B10-9274-36E376F4B8B9}.Release|Any CPU.ActiveCfg = Release|Any CPU
		{90A1A41A-6A64-4B10-9274-36E376F4B8B9}.Release|Any CPU.Build.0 = Release|Any CPU
		{90A1A41A-6A64-4B10-9274-36E376F4B8B9}.Release|x86.ActiveCfg = Release|x86
		{90A1A41A-6A64-4B10-9274-36E376F4B8B9}.Release|x86.Build.0 = Release|x86
		{DC82B06A-BB95-48A0-8C90-2CCB0BB4D64E}.Debug|Any CPU.ActiveCfg = Debug|Any CPU
		{DC82B06A-BB95-48A0-8C90-2CCB0BB4D64E}.Debug|Any CPU.Build.0 = Debug|Any CPU
		{DC82B06A-BB95-48A0-8C90-2CCB0BB4D64E}.Debug|x86.ActiveCfg = Debug|Any CPU
		{DC82B06A-BB95-48A0-8C90-2CCB0BB4D64E}.Release|Any CPU.ActiveCfg = Release|Any CPU
		{DC82B06A-BB95-48A0-8C90-2CCB0BB4D64E}.Release|Any CPU.Build.0 = Release|Any CPU
		{DC82B06A-BB95-48A0-8C90-2CCB0BB4D64E}.Release|x86.ActiveCfg = Release|Any CPU
		{FFC9D783-E772-4C41-ADA7-AB865996F196}.Debug|Any CPU.ActiveCfg = Debug|Any CPU
		{FFC9D783-E772-4C41-ADA7-AB865996F196}.Debug|Any CPU.Build.0 = Debug|Any CPU
		{FFC9D783-E772-4C41-ADA7-AB865996F196}.Debug|x86.ActiveCfg = Debug|Any CPU
		{FFC9D783-E772-4C41-ADA7-AB865996F196}.Release|Any CPU.ActiveCfg = Release|Any CPU
		{FFC9D783-E772-4C41-ADA7-AB865996F196}.Release|Any CPU.Build.0 = Release|Any CPU
		{FFC9D783-E772-4C41-ADA7-AB865996F196}.Release|x86.ActiveCfg = Release|Any CPU
		{304503B2-F1E9-49AB-AD92-DD432C1C22D7}.Debug|Any CPU.ActiveCfg = Debug|Any CPU
		{304503B2-F1E9-49AB-AD92-DD432C1C22D7}.Debug|Any CPU.Build.0 = Debug|Any CPU
		{304503B2-F1E9-49AB-AD92-DD432C1C22D7}.Debug|x86.ActiveCfg = Debug|Any CPU
		{304503B2-F1E9-49AB-AD92-DD432C1C22D7}.Release|Any CPU.ActiveCfg = Release|Any CPU
		{304503B2-F1E9-49AB-AD92-DD432C1C22D7}.Release|Any CPU.Build.0 = Release|Any CPU
		{304503B2-F1E9-49AB-AD92-DD432C1C22D7}.Release|x86.ActiveCfg = Release|Any CPU
		{4AB46E76-B1C4-4187-B846-184F62558702}.Debug|Any CPU.ActiveCfg = Debug|Any CPU
		{4AB46E76-B1C4-4187-B846-184F62558702}.Debug|Any CPU.Build.0 = Debug|Any CPU
		{4AB46E76-B1C4-4187-B846-184F62558702}.Debug|x86.ActiveCfg = Debug|Any CPU
		{4AB46E76-B1C4-4187-B846-184F62558702}.Release|Any CPU.ActiveCfg = Release|Any CPU
		{4AB46E76-B1C4-4187-B846-184F62558702}.Release|Any CPU.Build.0 = Release|Any CPU
		{4AB46E76-B1C4-4187-B846-184F62558702}.Release|x86.ActiveCfg = Release|Any CPU
		{C09509A2-7D6D-4C67-BB83-7B3E526430F9}.Debug|Any CPU.ActiveCfg = Debug|Any CPU
		{C09509A2-7D6D-4C67-BB83-7B3E526430F9}.Debug|Any CPU.Build.0 = Debug|Any CPU
		{C09509A2-7D6D-4C67-BB83-7B3E526430F9}.Debug|x86.ActiveCfg = Debug|Any CPU
		{C09509A2-7D6D-4C67-BB83-7B3E526430F9}.Release|Any CPU.ActiveCfg = Release|Any CPU
		{C09509A2-7D6D-4C67-BB83-7B3E526430F9}.Release|Any CPU.Build.0 = Release|Any CPU
		{C09509A2-7D6D-4C67-BB83-7B3E526430F9}.Release|x86.ActiveCfg = Release|Any CPU
	EndGlobalSection
	GlobalSection(SolutionProperties) = preSolution
		HideSolutionNode = FALSE
	EndGlobalSection
	GlobalSection(NestedProjects) = preSolution
		{5D1002EA-5423-42DD-9CDC-27C4FD6991E2} = {A6B56C5F-B2FB-4EED-B31D-D25FAC2E622A}
		{EF989F15-C062-4C7D-8B69-8ACE8540C07B} = {8DF3B38C-9833-4AFB-A1DD-27A1C2323DFC}
		{18F0CE73-B168-4D53-BCED-FD6C4E0D4378} = {8DF3B38C-9833-4AFB-A1DD-27A1C2323DFC}
		{2A5BF93F-E241-48AE-905E-712A3152EF8C} = {8DF3B38C-9833-4AFB-A1DD-27A1C2323DFC}
		{85FD2DEA-CC79-4062-B77A-60B7050EF0C1} = {8DF3B38C-9833-4AFB-A1DD-27A1C2323DFC}
		{EBB52FFF-BF2A-480D-AB2C-3AFA97B2E272} = {8DF3B38C-9833-4AFB-A1DD-27A1C2323DFC}
		{695C985E-9F3E-42FF-B20D-74E79585F320} = {8DF3B38C-9833-4AFB-A1DD-27A1C2323DFC}
		{5DB8CA74-EB69-451D-8BE9-FDF03329C8B5} = {8DF3B38C-9833-4AFB-A1DD-27A1C2323DFC}
		{68404EB2-1832-477A-BB7B-1E1857844E52} = {8DF3B38C-9833-4AFB-A1DD-27A1C2323DFC}
		{660F9B65-6AD0-4984-914C-4459C41CA966} = {8DF3B38C-9833-4AFB-A1DD-27A1C2323DFC}
		{114346C8-5BF4-41B3-A1B7-CE0A0200F196} = {8DF3B38C-9833-4AFB-A1DD-27A1C2323DFC}
		{B3C03406-D705-4B42-8DFB-95B90CFE0E74} = {FAADF759-F54D-44A7-8ACE-D62C766C236E}
		{4F0BA735-965A-4AD9-B52A-01951A0C3C0A} = {FAADF759-F54D-44A7-8ACE-D62C766C236E}
		{4713EA16-E3C3-484C-B77F-CF68A1CACE2F} = {FAADF759-F54D-44A7-8ACE-D62C766C236E}
		{0EDE7F76-6B12-46F9-BABF-CB32A04747FE} = {FAADF759-F54D-44A7-8ACE-D62C766C236E}
		{90A1A41A-6A64-4B10-9274-36E376F4B8B9} = {8DF3B38C-9833-4AFB-A1DD-27A1C2323DFC}
		{DC82B06A-BB95-48A0-8C90-2CCB0BB4D64E} = {8DF3B38C-9833-4AFB-A1DD-27A1C2323DFC}
		{FFC9D783-E772-4C41-ADA7-AB865996F196} = {FAADF759-F54D-44A7-8ACE-D62C766C236E}
		{304503B2-F1E9-49AB-AD92-DD432C1C22D7} = {1E78A67C-83D6-44D1-9EAD-4F4C8BE20F42}
		{4AB46E76-B1C4-4187-B846-184F62558702} = {1E78A67C-83D6-44D1-9EAD-4F4C8BE20F42}
		{C09509A2-7D6D-4C67-BB83-7B3E526430F9} = {8DF3B38C-9833-4AFB-A1DD-27A1C2323DFC}
	EndGlobalSection
	GlobalSection(ExtensibilityGlobals) = postSolution
		SolutionGuid = {E6E3EA88-2D2A-45AA-9C08-8BEB1B735A15}
	
EndGlobal
